
Microsoft Visual Studio Solution File, Format Version 12.00
# Visual Studio 15
VisualStudioVersion = 15.0.27428.2005
MinimumVisualStudioVersion = 10.0.40219.1
Project("{FAE04EC0-301F-11D3-BF4B-00C04F79EFBC}") = "Phoneword.Android", "Phoneword\Phoneword.Android\Phoneword.Android.csproj", "{88059DFB-B0D9-4B9E-9739-BBC4EEC361B2}"
EndProject
Project("{FAE04EC0-301F-11D3-BF4B-00C04F79EFBC}") = "Phoneword.iOS", "Phoneword\Phoneword.iOS\Phoneword.iOS.csproj", "{F3CC229E-5860-4D13-83AE-A2ADC90B1B85}"
EndProject
Project("{FAE04EC0-301F-11D3-BF4B-00C04F79EFBC}") = "Phoneword.UWP", "Phoneword\Phoneword.UWP\Phoneword.UWP.csproj", "{D2308A01-9A51-46E5-8711-E3A93013A33A}"
EndProject
Project("{FAE04EC0-301F-11D3-BF4B-00C04F79EFBC}") = "Phoneword", "Phoneword\Phoneword\Phoneword.csproj", "{A6CF8679-5439-4BF6-B536-2C68FF049264}"
EndProject
Global
	GlobalSection(SolutionConfigurationPlatforms) = preSolution
		Ad-Hoc|Any CPU = Ad-Hoc|Any CPU
		Ad-Hoc|ARM = Ad-Hoc|ARM
		Ad-Hoc|iPhone = Ad-Hoc|iPhone
		Ad-Hoc|iPhoneSimulator = Ad-Hoc|iPhoneSimulator
		Ad-Hoc|x64 = Ad-Hoc|x64
		Ad-Hoc|x86 = Ad-Hoc|x86
		AppStore|Any CPU = AppStore|Any CPU
		AppStore|ARM = AppStore|ARM
		AppStore|iPhone = AppStore|iPhone
		AppStore|iPhoneSimulator = AppStore|iPhoneSimulator
		AppStore|x64 = AppStore|x64
		AppStore|x86 = AppStore|x86
		Debug|Any CPU = Debug|Any CPU
		Debug|ARM = Debug|ARM
		Debug|iPhone = Debug|iPhone
		Debug|iPhoneSimulator = Debug|iPhoneSimulator
		Debug|x64 = Debug|x64
		Debug|x86 = Debug|x86
		Release|Any CPU = Release|Any CPU
		Release|ARM = Release|ARM
		Release|iPhone = Release|iPhone
		Release|iPhoneSimulator = Release|iPhoneSimulator
		Release|x64 = Release|x64
		Release|x86 = Release|x86
	EndGlobalSection
	GlobalSection(ProjectConfigurationPlatforms) = postSolution
		{88059DFB-B0D9-4B9E-9739-BBC4EEC361B2}.Ad-Hoc|Any CPU.ActiveCfg = Release|Any CPU
		{88059DFB-B0D9-4B9E-9739-BBC4EEC361B2}.Ad-Hoc|Any CPU.Build.0 = Release|Any CPU
		{88059DFB-B0D9-4B9E-9739-BBC4EEC361B2}.Ad-Hoc|Any CPU.Deploy.0 = Release|Any CPU
		{88059DFB-B0D9-4B9E-9739-BBC4EEC361B2}.Ad-Hoc|ARM.ActiveCfg = Release|Any CPU
		{88059DFB-B0D9-4B9E-9739-BBC4EEC361B2}.Ad-Hoc|ARM.Build.0 = Release|Any CPU
		{88059DFB-B0D9-4B9E-9739-BBC4EEC361B2}.Ad-Hoc|ARM.Deploy.0 = Release|Any CPU
		{88059DFB-B0D9-4B9E-9739-BBC4EEC361B2}.Ad-Hoc|iPhone.ActiveCfg = Release|Any CPU
		{88059DFB-B0D9-4B9E-9739-BBC4EEC361B2}.Ad-Hoc|iPhone.Build.0 = Release|Any CPU
		{88059DFB-B0D9-4B9E-9739-BBC4EEC361B2}.Ad-Hoc|iPhone.Deploy.0 = Release|Any CPU
		{88059DFB-B0D9-4B9E-9739-BBC4EEC361B2}.Ad-Hoc|iPhoneSimulator.ActiveCfg = Release|Any CPU
		{88059DFB-B0D9-4B9E-9739-BBC4EEC361B2}.Ad-Hoc|iPhoneSimulator.Build.0 = Release|Any CPU
		{88059DFB-B0D9-4B9E-9739-BBC4EEC361B2}.Ad-Hoc|iPhoneSimulator.Deploy.0 = Release|Any CPU
		{88059DFB-B0D9-4B9E-9739-BBC4EEC361B2}.Ad-Hoc|x64.ActiveCfg = Release|Any CPU
		{88059DFB-B0D9-4B9E-9739-BBC4EEC361B2}.Ad-Hoc|x64.Build.0 = Release|Any CPU
		{88059DFB-B0D9-4B9E-9739-BBC4EEC361B2}.Ad-Hoc|x64.Deploy.0 = Release|Any CPU
		{88059DFB-B0D9-4B9E-9739-BBC4EEC361B2}.Ad-Hoc|x86.ActiveCfg = Release|Any CPU
		{88059DFB-B0D9-4B9E-9739-BBC4EEC361B2}.Ad-Hoc|x86.Build.0 = Release|Any CPU
		{88059DFB-B0D9-4B9E-9739-BBC4EEC361B2}.Ad-Hoc|x86.Deploy.0 = Release|Any CPU
		{88059DFB-B0D9-4B9E-9739-BBC4EEC361B2}.AppStore|Any CPU.ActiveCfg = Release|Any CPU
		{88059DFB-B0D9-4B9E-9739-BBC4EEC361B2}.AppStore|Any CPU.Build.0 = Release|Any CPU
		{88059DFB-B0D9-4B9E-9739-BBC4EEC361B2}.AppStore|Any CPU.Deploy.0 = Release|Any CPU
		{88059DFB-B0D9-4B9E-9739-BBC4EEC361B2}.AppStore|ARM.ActiveCfg = Release|Any CPU
		{88059DFB-B0D9-4B9E-9739-BBC4EEC361B2}.AppStore|ARM.Build.0 = Release|Any CPU
		{88059DFB-B0D9-4B9E-9739-BBC4EEC361B2}.AppStore|ARM.Deploy.0 = Release|Any CPU
		{88059DFB-B0D9-4B9E-9739-BBC4EEC361B2}.AppStore|iPhone.ActiveCfg = Release|Any CPU
		{88059DFB-B0D9-4B9E-9739-BBC4EEC361B2}.AppStore|iPhone.Build.0 = Release|Any CPU
		{88059DFB-B0D9-4B9E-9739-BBC4EEC361B2}.AppStore|iPhone.Deploy.0 = Release|Any CPU
		{88059DFB-B0D9-4B9E-9739-BBC4EEC361B2}.AppStore|iPhoneSimulator.ActiveCfg = Release|Any CPU
		{88059DFB-B0D9-4B9E-9739-BBC4EEC361B2}.AppStore|iPhoneSimulator.Build.0 = Release|Any CPU
		{88059DFB-B0D9-4B9E-9739-BBC4EEC361B2}.AppStore|iPhoneSimulator.Deploy.0 = Release|Any CPU
		{88059DFB-B0D9-4B9E-9739-BBC4EEC361B2}.AppStore|x64.ActiveCfg = Release|Any CPU
		{88059DFB-B0D9-4B9E-9739-BBC4EEC361B2}.AppStore|x64.Build.0 = Release|Any CPU
		{88059DFB-B0D9-4B9E-9739-BBC4EEC361B2}.AppStore|x64.Deploy.0 = Release|Any CPU
		{88059DFB-B0D9-4B9E-9739-BBC4EEC361B2}.AppStore|x86.ActiveCfg = Release|Any CPU
		{88059DFB-B0D9-4B9E-9739-BBC4EEC361B2}.AppStore|x86.Build.0 = Release|Any CPU
		{88059DFB-B0D9-4B9E-9739-BBC4EEC361B2}.AppStore|x86.Deploy.0 = Release|Any CPU
		{88059DFB-B0D9-4B9E-9739-BBC4EEC361B2}.Debug|Any CPU.ActiveCfg = Debug|Any CPU
		{88059DFB-B0D9-4B9E-9739-BBC4EEC361B2}.Debug|Any CPU.Build.0 = Debug|Any CPU
		{88059DFB-B0D9-4B9E-9739-BBC4EEC361B2}.Debug|Any CPU.Deploy.0 = Debug|Any CPU
		{88059DFB-B0D9-4B9E-9739-BBC4EEC361B2}.Debug|ARM.ActiveCfg = Debug|Any CPU
		{88059DFB-B0D9-4B9E-9739-BBC4EEC361B2}.Debug|ARM.Build.0 = Debug|Any CPU
		{88059DFB-B0D9-4B9E-9739-BBC4EEC361B2}.Debug|ARM.Deploy.0 = Debug|Any CPU
		{88059DFB-B0D9-4B9E-9739-BBC4EEC361B2}.Debug|iPhone.ActiveCfg = Debug|Any CPU
		{88059DFB-B0D9-4B9E-9739-BBC4EEC361B2}.Debug|iPhone.Build.0 = Debug|Any CPU
		{88059DFB-B0D9-4B9E-9739-BBC4EEC361B2}.Debug|iPhone.Deploy.0 = Debug|Any CPU
		{88059DFB-B0D9-4B9E-9739-BBC4EEC361B2}.Debug|iPhoneSimulator.ActiveCfg = Debug|Any CPU
		{88059DFB-B0D9-4B9E-9739-BBC4EEC361B2}.Debug|iPhoneSimulator.Build.0 = Debug|Any CPU
		{88059DFB-B0D9-4B9E-9739-BBC4EEC361B2}.Debug|iPhoneSimulator.Deploy.0 = Debug|Any CPU
		{88059DFB-B0D9-4B9E-9739-BBC4EEC361B2}.Debug|x64.ActiveCfg = Debug|Any CPU
		{88059DFB-B0D9-4B9E-9739-BBC4EEC361B2}.Debug|x64.Build.0 = Debug|Any CPU
		{88059DFB-B0D9-4B9E-9739-BBC4EEC361B2}.Debug|x64.Deploy.0 = Debug|Any CPU
		{88059DFB-B0D9-4B9E-9739-BBC4EEC361B2}.Debug|x86.ActiveCfg = Debug|Any CPU
		{88059DFB-B0D9-4B9E-9739-BBC4EEC361B2}.Debug|x86.Build.0 = Debug|Any CPU
		{88059DFB-B0D9-4B9E-9739-BBC4EEC361B2}.Debug|x86.Deploy.0 = Debug|Any CPU
		{88059DFB-B0D9-4B9E-9739-BBC4EEC361B2}.Release|Any CPU.ActiveCfg = Release|Any CPU
		{88059DFB-B0D9-4B9E-9739-BBC4EEC361B2}.Release|Any CPU.Build.0 = Release|Any CPU
		{88059DFB-B0D9-4B9E-9739-BBC4EEC361B2}.Release|Any CPU.Deploy.0 = Release|Any CPU
		{88059DFB-B0D9-4B9E-9739-BBC4EEC361B2}.Release|ARM.ActiveCfg = Release|Any CPU
		{88059DFB-B0D9-4B9E-9739-BBC4EEC361B2}.Release|ARM.Build.0 = Release|Any CPU
		{88059DFB-B0D9-4B9E-9739-BBC4EEC361B2}.Release|ARM.Deploy.0 = Release|Any CPU
		{88059DFB-B0D9-4B9E-9739-BBC4EEC361B2}.Release|iPhone.ActiveCfg = Release|Any CPU
		{88059DFB-B0D9-4B9E-9739-BBC4EEC361B2}.Release|iPhone.Build.0 = Release|Any CPU
		{88059DFB-B0D9-4B9E-9739-BBC4EEC361B2}.Release|iPhone.Deploy.0 = Release|Any CPU
		{88059DFB-B0D9-4B9E-9739-BBC4EEC361B2}.Release|iPhoneSimulator.ActiveCfg = Release|Any CPU
		{88059DFB-B0D9-4B9E-9739-BBC4EEC361B2}.Release|iPhoneSimulator.Build.0 = Release|Any CPU
		{88059DFB-B0D9-4B9E-9739-BBC4EEC361B2}.Release|iPhoneSimulator.Deploy.0 = Release|Any CPU
		{88059DFB-B0D9-4B9E-9739-BBC4EEC361B2}.Release|x64.ActiveCfg = Release|Any CPU
		{88059DFB-B0D9-4B9E-9739-BBC4EEC361B2}.Release|x64.Build.0 = Release|Any CPU
		{88059DFB-B0D9-4B9E-9739-BBC4EEC361B2}.Release|x64.Deploy.0 = Release|Any CPU
		{88059DFB-B0D9-4B9E-9739-BBC4EEC361B2}.Release|x86.ActiveCfg = Release|Any CPU
		{88059DFB-B0D9-4B9E-9739-BBC4EEC361B2}.Release|x86.Build.0 = Release|Any CPU
		{88059DFB-B0D9-4B9E-9739-BBC4EEC361B2}.Release|x86.Deploy.0 = Release|Any CPU
		{F3CC229E-5860-4D13-83AE-A2ADC90B1B85}.Ad-Hoc|Any CPU.ActiveCfg = Ad-Hoc|iPhone
		{F3CC229E-5860-4D13-83AE-A2ADC90B1B85}.Ad-Hoc|ARM.ActiveCfg = Ad-Hoc|iPhone
		{F3CC229E-5860-4D13-83AE-A2ADC90B1B85}.Ad-Hoc|iPhone.ActiveCfg = Ad-Hoc|iPhone
		{F3CC229E-5860-4D13-83AE-A2ADC90B1B85}.Ad-Hoc|iPhone.Build.0 = Ad-Hoc|iPhone
		{F3CC229E-5860-4D13-83AE-A2ADC90B1B85}.Ad-Hoc|iPhoneSimulator.ActiveCfg = Ad-Hoc|iPhoneSimulator
		{F3CC229E-5860-4D13-83AE-A2ADC90B1B85}.Ad-Hoc|iPhoneSimulator.Build.0 = Ad-Hoc|iPhoneSimulator
		{F3CC229E-5860-4D13-83AE-A2ADC90B1B85}.Ad-Hoc|x64.ActiveCfg = Ad-Hoc|iPhone
		{F3CC229E-5860-4D13-83AE-A2ADC90B1B85}.Ad-Hoc|x86.ActiveCfg = Ad-Hoc|iPhone
		{F3CC229E-5860-4D13-83AE-A2ADC90B1B85}.AppStore|Any CPU.ActiveCfg = AppStore|iPhone
		{F3CC229E-5860-4D13-83AE-A2ADC90B1B85}.AppStore|ARM.ActiveCfg = AppStore|iPhone
		{F3CC229E-5860-4D13-83AE-A2ADC90B1B85}.AppStore|iPhone.ActiveCfg = AppStore|iPhone
		{F3CC229E-5860-4D13-83AE-A2ADC90B1B85}.AppStore|iPhone.Build.0 = AppStore|iPhone
		{F3CC229E-5860-4D13-83AE-A2ADC90B1B85}.AppStore|iPhoneSimulator.ActiveCfg = AppStore|iPhoneSimulator
		{F3CC229E-5860-4D13-83AE-A2ADC90B1B85}.AppStore|iPhoneSimulator.Build.0 = AppStore|iPhoneSimulator
		{F3CC229E-5860-4D13-83AE-A2ADC90B1B85}.AppStore|x64.ActiveCfg = AppStore|iPhone
		{F3CC229E-5860-4D13-83AE-A2ADC90B1B85}.AppStore|x86.ActiveCfg = AppStore|iPhone
		{F3CC229E-5860-4D13-83AE-A2ADC90B1B85}.Debug|Any CPU.ActiveCfg = Debug|iPhone
		{F3CC229E-5860-4D13-83AE-A2ADC90B1B85}.Debug|ARM.ActiveCfg = Debug|iPhone
		{F3CC229E-5860-4D13-83AE-A2ADC90B1B85}.Debug|iPhone.ActiveCfg = Debug|iPhone
		{F3CC229E-5860-4D13-83AE-A2ADC90B1B85}.Debug|iPhone.Build.0 = Debug|iPhone
		{F3CC229E-5860-4D13-83AE-A2ADC90B1B85}.Debug|iPhoneSimulator.ActiveCfg = Debug|iPhoneSimulator
		{F3CC229E-5860-4D13-83AE-A2ADC90B1B85}.Debug|iPhoneSimulator.Build.0 = Debug|iPhoneSimulator
		{F3CC229E-5860-4D13-83AE-A2ADC90B1B85}.Debug|x64.ActiveCfg = Debug|iPhone
		{F3CC229E-5860-4D13-83AE-A2ADC90B1B85}.Debug|x86.ActiveCfg = Debug|iPhone
		{F3CC229E-5860-4D13-83AE-A2ADC90B1B85}.Release|Any CPU.ActiveCfg = Release|iPhone
		{F3CC229E-5860-4D13-83AE-A2ADC90B1B85}.Release|ARM.ActiveCfg = Release|iPhone
		{F3CC229E-5860-4D13-83AE-A2ADC90B1B85}.Release|iPhone.ActiveCfg = Release|iPhone
		{F3CC229E-5860-4D13-83AE-A2ADC90B1B85}.Release|iPhone.Build.0 = Release|iPhone
		{F3CC229E-5860-4D13-83AE-A2ADC90B1B85}.Release|iPhoneSimulator.ActiveCfg = Release|iPhoneSimulator
		{F3CC229E-5860-4D13-83AE-A2ADC90B1B85}.Release|iPhoneSimulator.Build.0 = Release|iPhoneSimulator
		{F3CC229E-5860-4D13-83AE-A2ADC90B1B85}.Release|x64.ActiveCfg = Release|iPhone
		{F3CC229E-5860-4D13-83AE-A2ADC90B1B85}.Release|x86.ActiveCfg = Release|iPhone
		{D2308A01-9A51-46E5-8711-E3A93013A33A}.Ad-Hoc|Any CPU.ActiveCfg = Release|x86
		{D2308A01-9A51-46E5-8711-E3A93013A33A}.Ad-Hoc|Any CPU.Build.0 = Release|x86
		{D2308A01-9A51-46E5-8711-E3A93013A33A}.Ad-Hoc|Any CPU.Deploy.0 = Release|x86
		{D2308A01-9A51-46E5-8711-E3A93013A33A}.Ad-Hoc|ARM.ActiveCfg = Release|ARM
		{D2308A01-9A51-46E5-8711-E3A93013A33A}.Ad-Hoc|ARM.Build.0 = Release|ARM
		{D2308A01-9A51-46E5-8711-E3A93013A33A}.Ad-Hoc|ARM.Deploy.0 = Release|ARM
		{D2308A01-9A51-46E5-8711-E3A93013A33A}.Ad-Hoc|iPhone.ActiveCfg = Release|x86
		{D2308A01-9A51-46E5-8711-E3A93013A33A}.Ad-Hoc|iPhone.Build.0 = Release|x86
		{D2308A01-9A51-46E5-8711-E3A93013A33A}.Ad-Hoc|iPhone.Deploy.0 = Release|x86
		{D2308A01-9A51-46E5-8711-E3A93013A33A}.Ad-Hoc|iPhoneSimulator.ActiveCfg = Release|x86
		{D2308A01-9A51-46E5-8711-E3A93013A33A}.Ad-Hoc|iPhoneSimulator.Build.0 = Release|x86
		{D2308A01-9A51-46E5-8711-E3A93013A33A}.Ad-Hoc|iPhoneSimulator.Deploy.0 = Release|x86
		{D2308A01-9A51-46E5-8711-E3A93013A33A}.Ad-Hoc|x64.ActiveCfg = Release|x64
		{D2308A01-9A51-46E5-8711-E3A93013A33A}.Ad-Hoc|x64.Build.0 = Release|x64
		{D2308A01-9A51-46E5-8711-E3A93013A33A}.Ad-Hoc|x64.Deploy.0 = Release|x64
		{D2308A01-9A51-46E5-8711-E3A93013A33A}.Ad-Hoc|x86.ActiveCfg = Release|x86
		{D2308A01-9A51-46E5-8711-E3A93013A33A}.Ad-Hoc|x86.Build.0 = Release|x86
		{D2308A01-9A51-46E5-8711-E3A93013A33A}.Ad-Hoc|x86.Deploy.0 = Release|x86
		{D2308A01-9A51-46E5-8711-E3A93013A33A}.AppStore|Any CPU.ActiveCfg = Release|x86
		{D2308A01-9A51-46E5-8711-E3A93013A33A}.AppStore|Any CPU.Build.0 = Release|x86
		{D2308A01-9A51-46E5-8711-E3A93013A33A}.AppStore|Any CPU.Deploy.0 = Release|x86
		{D2308A01-9A51-46E5-8711-E3A93013A33A}.AppStore|ARM.ActiveCfg = Release|ARM
		{D2308A01-9A51-46E5-8711-E3A93013A33A}.AppStore|ARM.Build.0 = Release|ARM
		{D2308A01-9A51-46E5-8711-E3A93013A33A}.AppStore|ARM.Deploy.0 = Release|ARM
		{D2308A01-9A51-46E5-8711-E3A93013A33A}.AppStore|iPhone.ActiveCfg = Release|x86
		{D2308A01-9A51-46E5-8711-E3A93013A33A}.AppStore|iPhone.Build.0 = Release|x86
		{D2308A01-9A51-46E5-8711-E3A93013A33A}.AppStore|iPhone.Deploy.0 = Release|x86
		{D2308A01-9A51-46E5-8711-E3A93013A33A}.AppStore|iPhoneSimulator.ActiveCfg = Release|x86
		{D2308A01-9A51-46E5-8711-E3A93013A33A}.AppStore|iPhoneSimulator.Build.0 = Release|x86
		{D2308A01-9A51-46E5-8711-E3A93013A33A}.AppStore|iPhoneSimulator.Deploy.0 = Release|x86
		{D2308A01-9A51-46E5-8711-E3A93013A33A}.AppStore|x64.ActiveCfg = Release|x64
		{D2308A01-9A51-46E5-8711-E3A93013A33A}.AppStore|x64.Build.0 = Release|x64
		{D2308A01-9A51-46E5-8711-E3A93013A33A}.AppStore|x64.Deploy.0 = Release|x64
		{D2308A01-9A51-46E5-8711-E3A93013A33A}.AppStore|x86.ActiveCfg = Release|x86
		{D2308A01-9A51-46E5-8711-E3A93013A33A}.AppStore|x86.Build.0 = Release|x86
		{D2308A01-9A51-46E5-8711-E3A93013A33A}.AppStore|x86.Deploy.0 = Release|x86
		{D2308A01-9A51-46E5-8711-E3A93013A33A}.Debug|Any CPU.ActiveCfg = Debug|x86
		{D2308A01-9A51-46E5-8711-E3A93013A33A}.Debug|ARM.ActiveCfg = Debug|ARM
		{D2308A01-9A51-46E5-8711-E3A93013A33A}.Debug|ARM.Build.0 = Debug|ARM
		{D2308A01-9A51-46E5-8711-E3A93013A33A}.Debug|ARM.Deploy.0 = Debug|ARM
		{D2308A01-9A51-46E5-8711-E3A93013A33A}.Debug|iPhone.ActiveCfg = Debug|x86
		{D2308A01-9A51-46E5-8711-E3A93013A33A}.Debug|iPhoneSimulator.ActiveCfg = Debug|x86
		{D2308A01-9A51-46E5-8711-E3A93013A33A}.Debug|x64.ActiveCfg = Debug|x64
		{D2308A01-9A51-46E5-8711-E3A93013A33A}.Debug|x64.Build.0 = Debug|x64
		{D2308A01-9A51-46E5-8711-E3A93013A33A}.Debug|x64.Deploy.0 = Debug|x64
		{D2308A01-9A51-46E5-8711-E3A93013A33A}.Debug|x86.ActiveCfg = Debug|x86
		{D2308A01-9A51-46E5-8711-E3A93013A33A}.Debug|x86.Build.0 = Debug|x86
		{D2308A01-9A51-46E5-8711-E3A93013A33A}.Debug|x86.Deploy.0 = Debug|x86
		{D2308A01-9A51-46E5-8711-E3A93013A33A}.Release|Any CPU.ActiveCfg = Release|x86
		{D2308A01-9A51-46E5-8711-E3A93013A33A}.Release|ARM.ActiveCfg = Release|ARM
		{D2308A01-9A51-46E5-8711-E3A93013A33A}.Release|ARM.Build.0 = Release|ARM
		{D2308A01-9A51-46E5-8711-E3A93013A33A}.Release|ARM.Deploy.0 = Release|ARM
		{D2308A01-9A51-46E5-8711-E3A93013A33A}.Release|iPhone.ActiveCfg = Release|x86
		{D2308A01-9A51-46E5-8711-E3A93013A33A}.Release|iPhoneSimulator.ActiveCfg = Release|x86
		{D2308A01-9A51-46E5-8711-E3A93013A33A}.Release|x64.ActiveCfg = Release|x64
		{D2308A01-9A51-46E5-8711-E3A93013A33A}.Release|x64.Build.0 = Release|x64
		{D2308A01-9A51-46E5-8711-E3A93013A33A}.Release|x64.Deploy.0 = Release|x64
		{D2308A01-9A51-46E5-8711-E3A93013A33A}.Release|x86.ActiveCfg = Release|x86
		{D2308A01-9A51-46E5-8711-E3A93013A33A}.Release|x86.Build.0 = Release|x86
		{D2308A01-9A51-46E5-8711-E3A93013A33A}.Release|x86.Deploy.0 = Release|x86
		{A6CF8679-5439-4BF6-B536-2C68FF049264}.Ad-Hoc|Any CPU.ActiveCfg = Debug|Any CPU
		{A6CF8679-5439-4BF6-B536-2C68FF049264}.Ad-Hoc|Any CPU.Build.0 = Debug|Any CPU
		{A6CF8679-5439-4BF6-B536-2C68FF049264}.Ad-Hoc|ARM.ActiveCfg = Debug|Any CPU
		{A6CF8679-5439-4BF6-B536-2C68FF049264}.Ad-Hoc|ARM.Build.0 = Debug|Any CPU
		{A6CF8679-5439-4BF6-B536-2C68FF049264}.Ad-Hoc|iPhone.ActiveCfg = Debug|Any CPU
		{A6CF8679-5439-4BF6-B536-2C68FF049264}.Ad-Hoc|iPhone.Build.0 = Debug|Any CPU
		{A6CF8679-5439-4BF6-B536-2C68FF049264}.Ad-Hoc|iPhoneSimulator.ActiveCfg = Debug|Any CPU
		{A6CF8679-5439-4BF6-B536-2C68FF049264}.Ad-Hoc|iPhoneSimulator.Build.0 = Debug|Any CPU
		{A6CF8679-5439-4BF6-B536-2C68FF049264}.Ad-Hoc|x64.ActiveCfg = Debug|Any CPU
		{A6CF8679-5439-4BF6-B536-2C68FF049264}.Ad-Hoc|x64.Build.0 = Debug|Any CPU
		{A6CF8679-5439-4BF6-B536-2C68FF049264}.Ad-Hoc|x86.ActiveCfg = Debug|Any CPU
		{A6CF8679-5439-4BF6-B536-2C68FF049264}.Ad-Hoc|x86.Build.0 = Debug|Any CPU
		{A6CF8679-5439-4BF6-B536-2C68FF049264}.AppStore|Any CPU.ActiveCfg = Debug|Any CPU
		{A6CF8679-5439-4BF6-B536-2C68FF049264}.AppStore|Any CPU.Build.0 = Debug|Any CPU
		{A6CF8679-5439-4BF6-B536-2C68FF049264}.AppStore|ARM.ActiveCfg = Debug|Any CPU
		{A6CF8679-5439-4BF6-B536-2C68FF049264}.AppStore|ARM.Build.0 = Debug|Any CPU
		{A6CF8679-5439-4BF6-B536-2C68FF049264}.AppStore|iPhone.ActiveCfg = Debug|Any CPU
		{A6CF8679-5439-4BF6-B536-2C68FF049264}.AppStore|iPhone.Build.0 = Debug|Any CPU
		{A6CF8679-5439-4BF6-B536-2C68FF049264}.AppStore|iPhoneSimulator.ActiveCfg = Debug|Any CPU
		{A6CF8679-5439-4BF6-B536-2C68FF049264}.AppStore|iPhoneSimulator.Build.0 = Debug|Any CPU
		{A6CF8679-5439-4BF6-B536-2C68FF049264}.AppStore|x64.ActiveCfg = Debug|Any CPU
		{A6CF8679-5439-4BF6-B536-2C68FF049264}.AppStore|x64.Build.0 = Debug|Any CPU
		{A6CF8679-5439-4BF6-B536-2C68FF049264}.AppStore|x86.ActiveCfg = Debug|Any CPU
		{A6CF8679-5439-4BF6-B536-2C68FF049264}.AppStore|x86.Build.0 = Debug|Any CPU
		{A6CF8679-5439-4BF6-B536-2C68FF049264}.Debug|Any CPU.ActiveCfg = Debug|Any CPU
		{A6CF8679-5439-4BF6-B536-2C68FF049264}.Debug|Any CPU.Build.0 = Debug|Any CPU
		{A6CF8679-5439-4BF6-B536-2C68FF049264}.Debug|ARM.ActiveCfg = Debug|Any CPU
		{A6CF8679-5439-4BF6-B536-2C68FF049264}.Debug|ARM.Build.0 = Debug|Any CPU
		{A6CF8679-5439-4BF6-B536-2C68FF049264}.Debug|iPhone.ActiveCfg = Debug|Any CPU
		{A6CF8679-5439-4BF6-B536-2C68FF049264}.Debug|iPhone.Build.0 = Debug|Any CPU
		{A6CF8679-5439-4BF6-B536-2C68FF049264}.Debug|iPhoneSimulator.ActiveCfg = Debug|Any CPU
		{A6CF8679-5439-4BF6-B536-2C68FF049264}.Debug|iPhoneSimulator.Build.0 = Debug|Any CPU
		{A6CF8679-5439-4BF6-B536-2C68FF049264}.Debug|x64.ActiveCfg = Debug|Any CPU
		{A6CF8679-5439-4BF6-B536-2C68FF049264}.Debug|x64.Build.0 = Debug|Any CPU
		{A6CF8679-5439-4BF6-B536-2C68FF049264}.Debug|x86.ActiveCfg = Debug|Any CPU
		{A6CF8679-5439-4BF6-B536-2C68FF049264}.Debug|x86.Build.0 = Debug|Any CPU
		{A6CF8679-5439-4BF6-B536-2C68FF049264}.Release|Any CPU.ActiveCfg = Release|Any CPU
		{A6CF8679-5439-4BF6-B536-2C68FF049264}.Release|Any CPU.Build.0 = Release|Any CPU
		{A6CF8679-5439-4BF6-B536-2C68FF049264}.Release|ARM.ActiveCfg = Release|Any CPU
		{A6CF8679-5439-4BF6-B536-2C68FF049264}.Release|ARM.Build.0 = Release|Any CPU
		{A6CF8679-5439-4BF6-B536-2C68FF049264}.Release|iPhone.ActiveCfg = Release|Any CPU
		{A6CF8679-5439-4BF6-B536-2C68FF049264}.Release|iPhone.Build.0 = Release|Any CPU
		{A6CF8679-5439-4BF6-B536-2C68FF049264}.Release|iPhoneSimulator.ActiveCfg = Release|Any CPU
		{A6CF8679-5439-4BF6-B536-2C68FF049264}.Release|iPhoneSimulator.Build.0 = Release|Any CPU
		{A6CF8679-5439-4BF6-B536-2C68FF049264}.Release|x64.ActiveCfg = Release|Any CPU
		{A6CF8679-5439-4BF6-B536-2C68FF049264}.Release|x64.Build.0 = Release|Any CPU
		{A6CF8679-5439-4BF6-B536-2C68FF049264}.Release|x86.ActiveCfg = Release|Any CPU
		{A6CF8679-5439-4BF6-B536-2C68FF049264}.Release|x86.Build.0 = Release|Any CPU
	EndGlobalSection
	GlobalSection(SolutionProperties) = preSolution
		HideSolutionNode = FALSE
	EndGlobalSection
	GlobalSection(ExtensibilityGlobals) = postSolution
		SolutionGuid = {9E81F8BD-7A70-4499-AC18-A1F7771C4106}
	EndGlobalSection
EndGlobal
